
Microsoft Visual Studio Solution File, Format Version 12.00
# Visual Studio 15
VisualStudioVersion = 15.0.28307.438
MinimumVisualStudioVersion = 10.0.40219.1
Project("{8BC9CEB8-8B4A-11D0-8D11-00A0C91BC942}") = "PeachCam", "PeachCam\PeachCam.vcxproj", "{FDCB4C71-AF99-4D8A-81E4-42FBE8A1BEA8}"
EndProject
Project("{8BC9CEB8-8B4A-11D0-8D11-00A0C91BC942}") = "libjpeg", "opencv-lib\3rdparty\libjpeg\libjpeg.vcxproj", "{21C68138-19D3-4B16-BB6C-EA7758ECAA0F}"
EndProject
Project("{8BC9CEB8-8B4A-11D0-8D11-00A0C91BC942}") = "libopencv-calib3d", "opencv-lib\calib3d\calib3d.vcxproj", "{24F2DA12-7F31-4A0F-81E4-96FDE0E4D00F}"
EndProject
Project("{8BC9CEB8-8B4A-11D0-8D11-00A0C91BC942}") = "libopencv-features2d", "opencv-lib\features2d\features2d.vcxproj", "{007F5459-E0FD-44AB-8697-E4A5121171CA}"
EndProject
Project("{8BC9CEB8-8B4A-11D0-8D11-00A0C91BC942}") = "libopencv-core", "opencv-lib\core\core.vcxproj", "{5D333AD4-883C-4B04-9F5E-06988333E7C7}"
EndProject
Project("{8BC9CEB8-8B4A-11D0-8D11-00A0C91BC942}") = "libopencv-flann", "opencv-lib\flann\flann.vcxproj", "{DB49A0E7-20F8-4587-95FF-5E02DF259741}"
EndProject
Project("{8BC9CEB8-8B4A-11D0-8D11-00A0C91BC942}") = "libopencv-imgcodecs", "opencv-lib\imgcodecs\imgcodecs.vcxproj", "{8B979ABD-F70B-499D-8D2D-CADB0C9F39D4}"
EndProject
Project("{8BC9CEB8-8B4A-11D0-8D11-00A0C91BC942}") = "libopencv-imgproc", "opencv-lib\imgproc\imgproc.vcxproj", "{562F7A3B-4B5C-4EEC-9A8E-9F26E99B3E34}"
EndProject
Project("{8BC9CEB8-8B4A-11D0-8D11-00A0C91BC942}") = "libopencv-ml", "opencv-lib\ml\ml.vcxproj", "{C107815F-5463-44DC-8DE7-2A80069F8321}"
EndProject
Project("{8BC9CEB8-8B4A-11D0-8D11-00A0C91BC942}") = "libopencv-objdetect", "opencv-lib\objdetect\objdetect.vcxproj", "{07B8A252-8BB3-49A4-8E0A-B722B2103D35}"
EndProject
Project("{8BC9CEB8-8B4A-11D0-8D11-00A0C91BC942}") = "libopencv-face", "opencv-lib\opencv_contrib\modules\face\face.vcxproj", "{6B95CBE8-87FB-4EBC-BBA7-D690E42A0777}"
EndProject
Project("{8BC9CEB8-8B4A-11D0-8D11-00A0C91BC942}") = "libopencv-photo", "opencv-lib\photo\photo.vcxproj", "{28347DBF-C6CB-4B6C-8F1E-70A7B1F3707B}"
EndProject
Project("{8BC9CEB8-8B4A-11D0-8D11-00A0C91BC942}") = "libopencv-shape", "opencv-lib\shape\shape.vcxproj", "{2C1F4E96-55F5-4ADF-8297-0EF6DD515B76}"
EndProject
Project("{8BC9CEB8-8B4A-11D0-8D11-00A0C91BC942}") = "libopencv-stitching", "opencv-lib\stitching\stitching.vcxproj", "{C4FC9326-005B-44A9-9C99-6D0D375C9BBE}"
EndProject
Project("{8BC9CEB8-8B4A-11D0-8D11-00A0C91BC942}") = "libopencv-superres", "opencv-lib\superres\superres.vcxproj", "{FDA942DB-2436-4F84-91BF-572F9CC24504}"
EndProject
Project("{8BC9CEB8-8B4A-11D0-8D11-00A0C91BC942}") = "libopencv-video", "opencv-lib\video\video.vcxproj", "{20ABA754-5D15-45D0-96EA-A8921A745D45}"
EndProject
Project("{8BC9CEB8-8B4A-11D0-8D11-00A0C91BC942}") = "libopencv-videostab", "opencv-lib\videostab\videostab.vcxproj", "{E5677D62-EC76-424F-841F-7E46111E1BFC}"
EndProject
Project("{8BC9CEB8-8B4A-11D0-8D11-00A0C91BC942}") = "libexpat", "libexpat\libexpat.vcxproj", "{A783F856-4D65-4672-A60A-AFAEAE21A49B}"
EndProject
Project("{8BC9CEB8-8B4A-11D0-8D11-00A0C91BC942}") = "libzlib", "libzlib\libzlib.vcxproj", "{2808AB78-811D-4600-940D-49AA86E6CC3D}"
EndProject
Project("{FAE04EC0-301F-11D3-BF4B-00C04F79EFBC}") = "TestBench", "TestBench\TestBench.csproj", "{73AF6D4F-DD99-446A-8350-8B25C095751E}"
EndProject
Project("{FAE04EC0-301F-11D3-BF4B-00C04F79EFBC}") = "ITestBench", "ITestBench\ITestBench.csproj", "{D7439707-FBC7-4C48-9706-5E1C75830CFC}"
EndProject
Project("{8BC9CEB8-8B4A-11D0-8D11-00A0C91BC942}") = "TestBenchInit", "TestBenchInit\TestBenchInit.vcxproj", "{513B50C4-D9FE-4148-B6FA-C53C36ECB689}"
EndProject
Project("{FAE04EC0-301F-11D3-BF4B-00C04F79EFBC}") = "TeraTremConsole", "TeraTremConsole\TeraTremConsole.csproj", "{F57422B2-2D55-46BD-9462-8493EF819216}"
EndProject
Project("{8BC9CEB8-8B4A-11D0-8D11-00A0C91BC942}") = "libopencv-videoio", "opencv-lib\videoio\videoio.vcxproj", "{F5A7384F-31B3-4B41-B2D6-DA6B57C4DEA2}"
EndProject
Project("{8BC9CEB8-8B4A-11D0-8D11-00A0C91BC942}") = "libpng", "opencv-lib\3rdparty\libpng\libpng.vcxproj", "{FCEF5D35-E00A-4397-9394-2A2D98F4FE1C}"
EndProject
Project("{8BC9CEB8-8B4A-11D0-8D11-00A0C91BC942}") = "libcurl", "libcurl\libcurl.vcxproj", "{906F7DEB-91BF-4A28-ACDB-D719CDE267F8}"
EndProject
Project("{8BC9CEB8-8B4A-11D0-8D11-00A0C91BC942}") = "libwolfssl", "libwolfssl\libwolfssl.vcxproj", "{42950F28-7C79-4ED4-A762-F03C0F71FC88}"
EndProject
Global
	GlobalSection(SolutionConfigurationPlatforms) = preSolution
		Debug|Any CPU = Debug|Any CPU
		Debug|x64 = Debug|x64
		Debug|x86 = Debug|x86
		Release|Any CPU = Release|Any CPU
		Release|x64 = Release|x64
		Release|x86 = Release|x86
	EndGlobalSection
	GlobalSection(ProjectConfigurationPlatforms) = postSolution
		{FDCB4C71-AF99-4D8A-81E4-42FBE8A1BEA8}.Debug|Any CPU.ActiveCfg = Debug|Win32
		{FDCB4C71-AF99-4D8A-81E4-42FBE8A1BEA8}.Debug|Any CPU.Build.0 = Debug|Win32
		{FDCB4C71-AF99-4D8A-81E4-42FBE8A1BEA8}.Debug|x64.ActiveCfg = Debug|x64
		{FDCB4C71-AF99-4D8A-81E4-42FBE8A1BEA8}.Debug|x64.Build.0 = Debug|x64
		{FDCB4C71-AF99-4D8A-81E4-42FBE8A1BEA8}.Debug|x86.ActiveCfg = Debug|Win32
		{FDCB4C71-AF99-4D8A-81E4-42FBE8A1BEA8}.Debug|x86.Build.0 = Debug|Win32
		{FDCB4C71-AF99-4D8A-81E4-42FBE8A1BEA8}.Release|Any CPU.ActiveCfg = Release|Win32
		{FDCB4C71-AF99-4D8A-81E4-42FBE8A1BEA8}.Release|x64.ActiveCfg = Release|x64
		{FDCB4C71-AF99-4D8A-81E4-42FBE8A1BEA8}.Release|x64.Build.0 = Release|x64
		{FDCB4C71-AF99-4D8A-81E4-42FBE8A1BEA8}.Release|x86.ActiveCfg = Release|Win32
		{FDCB4C71-AF99-4D8A-81E4-42FBE8A1BEA8}.Release|x86.Build.0 = Release|Win32
		{21C68138-19D3-4B16-BB6C-EA7758ECAA0F}.Debug|Any CPU.ActiveCfg = Debug|Win32
		{21C68138-19D3-4B16-BB6C-EA7758ECAA0F}.Debug|Any CPU.Build.0 = Debug|Win32
		{21C68138-19D3-4B16-BB6C-EA7758ECAA0F}.Debug|x64.ActiveCfg = Debug|x64
		{21C68138-19D3-4B16-BB6C-EA7758ECAA0F}.Debug|x64.Build.0 = Debug|x64
		{21C68138-19D3-4B16-BB6C-EA7758ECAA0F}.Debug|x86.ActiveCfg = Debug|Win32
		{21C68138-19D3-4B16-BB6C-EA7758ECAA0F}.Debug|x86.Build.0 = Debug|Win32
		{21C68138-19D3-4B16-BB6C-EA7758ECAA0F}.Release|Any CPU.ActiveCfg = Release|Win32
		{21C68138-19D3-4B16-BB6C-EA7758ECAA0F}.Release|x64.ActiveCfg = Release|x64
		{21C68138-19D3-4B16-BB6C-EA7758ECAA0F}.Release|x64.Build.0 = Release|x64
		{21C68138-19D3-4B16-BB6C-EA7758ECAA0F}.Release|x86.ActiveCfg = Release|Win32
		{21C68138-19D3-4B16-BB6C-EA7758ECAA0F}.Release|x86.Build.0 = Release|Win32
		{24F2DA12-7F31-4A0F-81E4-96FDE0E4D00F}.Debug|Any CPU.ActiveCfg = Debug|Win32
		{24F2DA12-7F31-4A0F-81E4-96FDE0E4D00F}.Debug|Any CPU.Build.0 = Debug|Win32
		{24F2DA12-7F31-4A0F-81E4-96FDE0E4D00F}.Debug|x64.ActiveCfg = Debug|x64
		{24F2DA12-7F31-4A0F-81E4-96FDE0E4D00F}.Debug|x64.Build.0 = Debug|x64
		{24F2DA12-7F31-4A0F-81E4-96FDE0E4D00F}.Debug|x86.ActiveCfg = Debug|Win32
		{24F2DA12-7F31-4A0F-81E4-96FDE0E4D00F}.Debug|x86.Build.0 = Debug|Win32
		{24F2DA12-7F31-4A0F-81E4-96FDE0E4D00F}.Release|Any CPU.ActiveCfg = Release|Win32
		{24F2DA12-7F31-4A0F-81E4-96FDE0E4D00F}.Release|x64.ActiveCfg = Release|x64
		{24F2DA12-7F31-4A0F-81E4-96FDE0E4D00F}.Release|x64.Build.0 = Release|x64
		{24F2DA12-7F31-4A0F-81E4-96FDE0E4D00F}.Release|x86.ActiveCfg = Release|Win32
		{24F2DA12-7F31-4A0F-81E4-96FDE0E4D00F}.Release|x86.Build.0 = Release|Win32
		{007F5459-E0FD-44AB-8697-E4A5121171CA}.Debug|Any CPU.ActiveCfg = Debug|Win32
		{007F5459-E0FD-44AB-8697-E4A5121171CA}.Debug|Any CPU.Build.0 = Debug|Win32
		{007F5459-E0FD-44AB-8697-E4A5121171CA}.Debug|x64.ActiveCfg = Debug|x64
		{007F5459-E0FD-44AB-8697-E4A5121171CA}.Debug|x64.Build.0 = Debug|x64
		{007F5459-E0FD-44AB-8697-E4A5121171CA}.Debug|x86.ActiveCfg = Debug|Win32
		{007F5459-E0FD-44AB-8697-E4A5121171CA}.Debug|x86.Build.0 = Debug|Win32
		{007F5459-E0FD-44AB-8697-E4A5121171CA}.Release|Any CPU.ActiveCfg = Release|Win32
		{007F5459-E0FD-44AB-8697-E4A5121171CA}.Release|x64.ActiveCfg = Release|x64
		{007F5459-E0FD-44AB-8697-E4A5121171CA}.Release|x64.Build.0 = Release|x64
		{007F5459-E0FD-44AB-8697-E4A5121171CA}.Release|x86.ActiveCfg = Release|Win32
		{007F5459-E0FD-44AB-8697-E4A5121171CA}.Release|x86.Build.0 = Release|Win32
		{5D333AD4-883C-4B04-9F5E-06988333E7C7}.Debug|Any CPU.ActiveCfg = Debug|Win32
		{5D333AD4-883C-4B04-9F5E-06988333E7C7}.Debug|Any CPU.Build.0 = Debug|Win32
		{5D333AD4-883C-4B04-9F5E-06988333E7C7}.Debug|x64.ActiveCfg = Debug|x64
		{5D333AD4-883C-4B04-9F5E-06988333E7C7}.Debug|x64.Build.0 = Debug|x64
		{5D333AD4-883C-4B04-9F5E-06988333E7C7}.Debug|x86.ActiveCfg = Debug|Win32
		{5D333AD4-883C-4B04-9F5E-06988333E7C7}.Debug|x86.Build.0 = Debug|Win32
		{5D333AD4-883C-4B04-9F5E-06988333E7C7}.Release|Any CPU.ActiveCfg = Release|Win32
		{5D333AD4-883C-4B04-9F5E-06988333E7C7}.Release|x64.ActiveCfg = Release|x64
		{5D333AD4-883C-4B04-9F5E-06988333E7C7}.Release|x64.Build.0 = Release|x64
		{5D333AD4-883C-4B04-9F5E-06988333E7C7}.Release|x86.ActiveCfg = Release|Win32
		{5D333AD4-883C-4B04-9F5E-06988333E7C7}.Release|x86.Build.0 = Release|Win32
		{DB49A0E7-20F8-4587-95FF-5E02DF259741}.Debug|Any CPU.ActiveCfg = Debug|Win32
		{DB49A0E7-20F8-4587-95FF-5E02DF259741}.Debug|Any CPU.Build.0 = Debug|Win32
		{DB49A0E7-20F8-4587-95FF-5E02DF259741}.Debug|x64.ActiveCfg = Debug|x64
		{DB49A0E7-20F8-4587-95FF-5E02DF259741}.Debug|x64.Build.0 = Debug|x64
		{DB49A0E7-20F8-4587-95FF-5E02DF259741}.Debug|x86.ActiveCfg = Debug|Win32
		{DB49A0E7-20F8-4587-95FF-5E02DF259741}.Debug|x86.Build.0 = Debug|Win32
		{DB49A0E7-20F8-4587-95FF-5E02DF259741}.Release|Any CPU.ActiveCfg = Release|Win32
		{DB49A0E7-20F8-4587-95FF-5E02DF259741}.Release|x64.ActiveCfg = Release|x64
		{DB49A0E7-20F8-4587-95FF-5E02DF259741}.Release|x64.Build.0 = Release|x64
		{DB49A0E7-20F8-4587-95FF-5E02DF259741}.Release|x86.ActiveCfg = Release|Win32
		{DB49A0E7-20F8-4587-95FF-5E02DF259741}.Release|x86.Build.0 = Release|Win32
		{8B979ABD-F70B-499D-8D2D-CADB0C9F39D4}.Debug|Any CPU.ActiveCfg = Debug|Win32
		{8B979ABD-F70B-499D-8D2D-CADB0C9F39D4}.Debug|Any CPU.Build.0 = Debug|Win32
		{8B979ABD-F70B-499D-8D2D-CADB0C9F39D4}.Debug|x64.ActiveCfg = Debug|x64
		{8B979ABD-F70B-499D-8D2D-CADB0C9F39D4}.Debug|x64.Build.0 = Debug|x64
		{8B979ABD-F70B-499D-8D2D-CADB0C9F39D4}.Debug|x86.ActiveCfg = Debug|Win32
		{8B979ABD-F70B-499D-8D2D-CADB0C9F39D4}.Debug|x86.Build.0 = Debug|Win32
		{8B979ABD-F70B-499D-8D2D-CADB0C9F39D4}.Release|Any CPU.ActiveCfg = Release|Win32
		{8B979ABD-F70B-499D-8D2D-CADB0C9F39D4}.Release|x64.ActiveCfg = Release|x64
		{8B979ABD-F70B-499D-8D2D-CADB0C9F39D4}.Release|x64.Build.0 = Release|x64
		{8B979ABD-F70B-499D-8D2D-CADB0C9F39D4}.Release|x86.ActiveCfg = Release|Win32
		{8B979ABD-F70B-499D-8D2D-CADB0C9F39D4}.Release|x86.Build.0 = Release|Win32
		{562F7A3B-4B5C-4EEC-9A8E-9F26E99B3E34}.Debug|Any CPU.ActiveCfg = Debug|Win32
		{562F7A3B-4B5C-4EEC-9A8E-9F26E99B3E34}.Debug|Any CPU.Build.0 = Debug|Win32
		{562F7A3B-4B5C-4EEC-9A8E-9F26E99B3E34}.Debug|x64.ActiveCfg = Debug|x64
		{562F7A3B-4B5C-4EEC-9A8E-9F26E99B3E34}.Debug|x64.Build.0 = Debug|x64
		{562F7A3B-4B5C-4EEC-9A8E-9F26E99B3E34}.Debug|x86.ActiveCfg = Debug|Win32
		{562F7A3B-4B5C-4EEC-9A8E-9F26E99B3E34}.Debug|x86.Build.0 = Debug|Win32
		{562F7A3B-4B5C-4EEC-9A8E-9F26E99B3E34}.Release|Any CPU.ActiveCfg = Release|Win32
		{562F7A3B-4B5C-4EEC-9A8E-9F26E99B3E34}.Release|x64.ActiveCfg = Release|x64
		{562F7A3B-4B5C-4EEC-9A8E-9F26E99B3E34}.Release|x64.Build.0 = Release|x64
		{562F7A3B-4B5C-4EEC-9A8E-9F26E99B3E34}.Release|x86.ActiveCfg = Release|Win32
		{562F7A3B-4B5C-4EEC-9A8E-9F26E99B3E34}.Release|x86.Build.0 = Release|Win32
		{C107815F-5463-44DC-8DE7-2A80069F8321}.Debug|Any CPU.ActiveCfg = Debug|Win32
		{C107815F-5463-44DC-8DE7-2A80069F8321}.Debug|Any CPU.Build.0 = Debug|Win32
		{C107815F-5463-44DC-8DE7-2A80069F8321}.Debug|x64.ActiveCfg = Debug|x64
		{C107815F-5463-44DC-8DE7-2A80069F8321}.Debug|x64.Build.0 = Debug|x64
		{C107815F-5463-44DC-8DE7-2A80069F8321}.Debug|x86.ActiveCfg = Debug|Win32
		{C107815F-5463-44DC-8DE7-2A80069F8321}.Debug|x86.Build.0 = Debug|Win32
		{C107815F-5463-44DC-8DE7-2A80069F8321}.Release|Any CPU.ActiveCfg = Release|Win32
		{C107815F-5463-44DC-8DE7-2A80069F8321}.Release|x64.ActiveCfg = Release|x64
		{C107815F-5463-44DC-8DE7-2A80069F8321}.Release|x64.Build.0 = Release|x64
		{C107815F-5463-44DC-8DE7-2A80069F8321}.Release|x86.ActiveCfg = Release|Win32
		{C107815F-5463-44DC-8DE7-2A80069F8321}.Release|x86.Build.0 = Release|Win32
		{07B8A252-8BB3-49A4-8E0A-B722B2103D35}.Debug|Any CPU.ActiveCfg = Debug|Win32
		{07B8A252-8BB3-49A4-8E0A-B722B2103D35}.Debug|Any CPU.Build.0 = Debug|Win32
		{07B8A252-8BB3-49A4-8E0A-B722B2103D35}.Debug|x64.ActiveCfg = Debug|x64
		{07B8A252-8BB3-49A4-8E0A-B722B2103D35}.Debug|x64.Build.0 = Debug|x64
		{07B8A252-8BB3-49A4-8E0A-B722B2103D35}.Debug|x86.ActiveCfg = Debug|Win32
		{07B8A252-8BB3-49A4-8E0A-B722B2103D35}.Debug|x86.Build.0 = Debug|Win32
		{07B8A252-8BB3-49A4-8E0A-B722B2103D35}.Release|Any CPU.ActiveCfg = Release|Win32
		{07B8A252-8BB3-49A4-8E0A-B722B2103D35}.Release|x64.ActiveCfg = Release|x64
		{07B8A252-8BB3-49A4-8E0A-B722B2103D35}.Release|x64.Build.0 = Release|x64
		{07B8A252-8BB3-49A4-8E0A-B722B2103D35}.Release|x86.ActiveCfg = Release|Win32
		{07B8A252-8BB3-49A4-8E0A-B722B2103D35}.Release|x86.Build.0 = Release|Win32
		{6B95CBE8-87FB-4EBC-BBA7-D690E42A0777}.Debug|Any CPU.ActiveCfg = Debug|Win32
		{6B95CBE8-87FB-4EBC-BBA7-D690E42A0777}.Debug|Any CPU.Build.0 = Debug|Win32
		{6B95CBE8-87FB-4EBC-BBA7-D690E42A0777}.Debug|x64.ActiveCfg = Debug|x64
		{6B95CBE8-87FB-4EBC-BBA7-D690E42A0777}.Debug|x64.Build.0 = Debug|x64
		{6B95CBE8-87FB-4EBC-BBA7-D690E42A0777}.Debug|x86.ActiveCfg = Debug|Win32
		{6B95CBE8-87FB-4EBC-BBA7-D690E42A0777}.Debug|x86.Build.0 = Debug|Win32
		{6B95CBE8-87FB-4EBC-BBA7-D690E42A0777}.Release|Any CPU.ActiveCfg = Release|Win32
		{6B95CBE8-87FB-4EBC-BBA7-D690E42A0777}.Release|x64.ActiveCfg = Release|x64
		{6B95CBE8-87FB-4EBC-BBA7-D690E42A0777}.Release|x64.Build.0 = Release|x64
		{6B95CBE8-87FB-4EBC-BBA7-D690E42A0777}.Release|x86.ActiveCfg = Release|Win32
		{6B95CBE8-87FB-4EBC-BBA7-D690E42A0777}.Release|x86.Build.0 = Release|Win32
		{28347DBF-C6CB-4B6C-8F1E-70A7B1F3707B}.Debug|Any CPU.ActiveCfg = Debug|Win32
		{28347DBF-C6CB-4B6C-8F1E-70A7B1F3707B}.Debug|Any CPU.Build.0 = Debug|Win32
		{28347DBF-C6CB-4B6C-8F1E-70A7B1F3707B}.Debug|x64.ActiveCfg = Debug|x64
		{28347DBF-C6CB-4B6C-8F1E-70A7B1F3707B}.Debug|x64.Build.0 = Debug|x64
		{28347DBF-C6CB-4B6C-8F1E-70A7B1F3707B}.Debug|x86.ActiveCfg = Debug|Win32
		{28347DBF-C6CB-4B6C-8F1E-70A7B1F3707B}.Debug|x86.Build.0 = Debug|Win32
		{28347DBF-C6CB-4B6C-8F1E-70A7B1F3707B}.Release|Any CPU.ActiveCfg = Release|Win32
		{28347DBF-C6CB-4B6C-8F1E-70A7B1F3707B}.Release|x64.ActiveCfg = Release|x64
		{28347DBF-C6CB-4B6C-8F1E-70A7B1F3707B}.Release|x64.Build.0 = Release|x64
		{28347DBF-C6CB-4B6C-8F1E-70A7B1F3707B}.Release|x86.ActiveCfg = Release|Win32
		{28347DBF-C6CB-4B6C-8F1E-70A7B1F3707B}.Release|x86.Build.0 = Release|Win32
		{2C1F4E96-55F5-4ADF-8297-0EF6DD515B76}.Debug|Any CPU.ActiveCfg = Debug|Win32
		{2C1F4E96-55F5-4ADF-8297-0EF6DD515B76}.Debug|Any CPU.Build.0 = Debug|Win32
		{2C1F4E96-55F5-4ADF-8297-0EF6DD515B76}.Debug|x64.ActiveCfg = Debug|x64
		{2C1F4E96-55F5-4ADF-8297-0EF6DD515B76}.Debug|x64.Build.0 = Debug|x64
		{2C1F4E96-55F5-4ADF-8297-0EF6DD515B76}.Debug|x86.ActiveCfg = Debug|Win32
		{2C1F4E96-55F5-4ADF-8297-0EF6DD515B76}.Debug|x86.Build.0 = Debug|Win32
		{2C1F4E96-55F5-4ADF-8297-0EF6DD515B76}.Release|Any CPU.ActiveCfg = Release|Win32
		{2C1F4E96-55F5-4ADF-8297-0EF6DD515B76}.Release|x64.ActiveCfg = Release|x64
		{2C1F4E96-55F5-4ADF-8297-0EF6DD515B76}.Release|x64.Build.0 = Release|x64
		{2C1F4E96-55F5-4ADF-8297-0EF6DD515B76}.Release|x86.ActiveCfg = Release|Win32
		{2C1F4E96-55F5-4ADF-8297-0EF6DD515B76}.Release|x86.Build.0 = Release|Win32
		{C4FC9326-005B-44A9-9C99-6D0D375C9BBE}.Debug|Any CPU.ActiveCfg = Debug|Win32
		{C4FC9326-005B-44A9-9C99-6D0D375C9BBE}.Debug|Any CPU.Build.0 = Debug|Win32
		{C4FC9326-005B-44A9-9C99-6D0D375C9BBE}.Debug|x64.ActiveCfg = Debug|x64
		{C4FC9326-005B-44A9-9C99-6D0D375C9BBE}.Debug|x64.Build.0 = Debug|x64
		{C4FC9326-005B-44A9-9C99-6D0D375C9BBE}.Debug|x86.ActiveCfg = Debug|Win32
		{C4FC9326-005B-44A9-9C99-6D0D375C9BBE}.Debug|x86.Build.0 = Debug|Win32
		{C4FC9326-005B-44A9-9C99-6D0D375C9BBE}.Release|Any CPU.ActiveCfg = Release|Win32
		{C4FC9326-005B-44A9-9C99-6D0D375C9BBE}.Release|x64.ActiveCfg = Release|x64
		{C4FC9326-005B-44A9-9C99-6D0D375C9BBE}.Release|x64.Build.0 = Release|x64
		{C4FC9326-005B-44A9-9C99-6D0D375C9BBE}.Release|x86.ActiveCfg = Release|Win32
		{C4FC9326-005B-44A9-9C99-6D0D375C9BBE}.Release|x86.Build.0 = Release|Win32
		{FDA942DB-2436-4F84-91BF-572F9CC24504}.Debug|Any CPU.ActiveCfg = Debug|Win32
		{FDA942DB-2436-4F84-91BF-572F9CC24504}.Debug|Any CPU.Build.0 = Debug|Win32
		{FDA942DB-2436-4F84-91BF-572F9CC24504}.Debug|x64.ActiveCfg = Debug|x64
		{FDA942DB-2436-4F84-91BF-572F9CC24504}.Debug|x64.Build.0 = Debug|x64
		{FDA942DB-2436-4F84-91BF-572F9CC24504}.Debug|x86.ActiveCfg = Debug|Win32
		{FDA942DB-2436-4F84-91BF-572F9CC24504}.Debug|x86.Build.0 = Debug|Win32
		{FDA942DB-2436-4F84-91BF-572F9CC24504}.Release|Any CPU.ActiveCfg = Release|Win32
		{FDA942DB-2436-4F84-91BF-572F9CC24504}.Release|x64.ActiveCfg = Release|x64
		{FDA942DB-2436-4F84-91BF-572F9CC24504}.Release|x64.Build.0 = Release|x64
		{FDA942DB-2436-4F84-91BF-572F9CC24504}.Release|x86.ActiveCfg = Release|Win32
		{FDA942DB-2436-4F84-91BF-572F9CC24504}.Release|x86.Build.0 = Release|Win32
		{20ABA754-5D15-45D0-96EA-A8921A745D45}.Debug|Any CPU.ActiveCfg = Debug|Win32
		{20ABA754-5D15-45D0-96EA-A8921A745D45}.Debug|Any CPU.Build.0 = Debug|Win32
		{20ABA754-5D15-45D0-96EA-A8921A745D45}.Debug|x64.ActiveCfg = Debug|x64
		{20ABA754-5D15-45D0-96EA-A8921A745D45}.Debug|x64.Build.0 = Debug|x64
		{20ABA754-5D15-45D0-96EA-A8921A745D45}.Debug|x86.ActiveCfg = Debug|Win32
		{20ABA754-5D15-45D0-96EA-A8921A745D45}.Debug|x86.Build.0 = Debug|Win32
		{20ABA754-5D15-45D0-96EA-A8921A745D45}.Release|Any CPU.ActiveCfg = Release|Win32
		{20ABA754-5D15-45D0-96EA-A8921A745D45}.Release|x64.ActiveCfg = Release|x64
		{20ABA754-5D15-45D0-96EA-A8921A745D45}.Release|x64.Build.0 = Release|x64
		{20ABA754-5D15-45D0-96EA-A8921A745D45}.Release|x86.ActiveCfg = Release|Win32
		{20ABA754-5D15-45D0-96EA-A8921A745D45}.Release|x86.Build.0 = Release|Win32
		{E5677D62-EC76-424F-841F-7E46111E1BFC}.Debug|Any CPU.ActiveCfg = Debug|Win32
		{E5677D62-EC76-424F-841F-7E46111E1BFC}.Debug|Any CPU.Build.0 = Debug|Win32
		{E5677D62-EC76-424F-841F-7E46111E1BFC}.Debug|x64.ActiveCfg = Debug|x64
		{E5677D62-EC76-424F-841F-7E46111E1BFC}.Debug|x64.Build.0 = Debug|x64
		{E5677D62-EC76-424F-841F-7E46111E1BFC}.Debug|x86.ActiveCfg = Debug|Win32
		{E5677D62-EC76-424F-841F-7E46111E1BFC}.Debug|x86.Build.0 = Debug|Win32
		{E5677D62-EC76-424F-841F-7E46111E1BFC}.Release|Any CPU.ActiveCfg = Release|Win32
		{E5677D62-EC76-424F-841F-7E46111E1BFC}.Release|x64.ActiveCfg = Release|x64
		{E5677D62-EC76-424F-841F-7E46111E1BFC}.Release|x64.Build.0 = Release|x64
		{E5677D62-EC76-424F-841F-7E46111E1BFC}.Release|x86.ActiveCfg = Release|Win32
		{E5677D62-EC76-424F-841F-7E46111E1BFC}.Release|x86.Build.0 = Release|Win32
		{A783F856-4D65-4672-A60A-AFAEAE21A49B}.Debug|Any CPU.ActiveCfg = Debug|Win32
		{A783F856-4D65-4672-A60A-AFAEAE21A49B}.Debug|Any CPU.Build.0 = Debug|Win32
		{A783F856-4D65-4672-A60A-AFAEAE21A49B}.Debug|x64.ActiveCfg = Debug|x64
		{A783F856-4D65-4672-A60A-AFAEAE21A49B}.Debug|x64.Build.0 = Debug|x64
		{A783F856-4D65-4672-A60A-AFAEAE21A49B}.Debug|x86.ActiveCfg = Debug|Win32
		{A783F856-4D65-4672-A60A-AFAEAE21A49B}.Debug|x86.Build.0 = Debug|Win32
		{A783F856-4D65-4672-A60A-AFAEAE21A49B}.Release|Any CPU.ActiveCfg = Release|Win32
		{A783F856-4D65-4672-A60A-AFAEAE21A49B}.Release|x64.ActiveCfg = Release|x64
		{A783F856-4D65-4672-A60A-AFAEAE21A49B}.Release|x64.Build.0 = Release|x64
		{A783F856-4D65-4672-A60A-AFAEAE21A49B}.Release|x86.ActiveCfg = Release|Win32
		{A783F856-4D65-4672-A60A-AFAEAE21A49B}.Release|x86.Build.0 = Release|Win32
		{2808AB78-811D-4600-940D-49AA86E6CC3D}.Debug|Any CPU.ActiveCfg = Debug|Win32
		{2808AB78-811D-4600-940D-49AA86E6CC3D}.Debug|Any CPU.Build.0 = Debug|Win32
		{2808AB78-811D-4600-940D-49AA86E6CC3D}.Debug|x64.ActiveCfg = Debug|x64
		{2808AB78-811D-4600-940D-49AA86E6CC3D}.Debug|x64.Build.0 = Debug|x64
		{2808AB78-811D-4600-940D-49AA86E6CC3D}.Debug|x86.ActiveCfg = Debug|Win32
		{2808AB78-811D-4600-940D-49AA86E6CC3D}.Debug|x86.Build.0 = Debug|Win32
		{2808AB78-811D-4600-940D-49AA86E6CC3D}.Release|Any CPU.ActiveCfg = Release|Win32
		{2808AB78-811D-4600-940D-49AA86E6CC3D}.Release|x64.ActiveCfg = Release|x64
		{2808AB78-811D-4600-940D-49AA86E6CC3D}.Release|x64.Build.0 = Release|x64
		{2808AB78-811D-4600-940D-49AA86E6CC3D}.Release|x86.ActiveCfg = Release|Win32
		{2808AB78-811D-4600-940D-49AA86E6CC3D}.Release|x86.Build.0 = Release|Win32
		{73AF6D4F-DD99-446A-8350-8B25C095751E}.Debug|Any CPU.ActiveCfg = Debug|Any CPU
		{73AF6D4F-DD99-446A-8350-8B25C095751E}.Debug|Any CPU.Build.0 = Debug|Any CPU
		{73AF6D4F-DD99-446A-8350-8B25C095751E}.Debug|x64.ActiveCfg = Debug|Any CPU
		{73AF6D4F-DD99-446A-8350-8B25C095751E}.Debug|x64.Build.0 = Debug|Any CPU
		{73AF6D4F-DD99-446A-8350-8B25C095751E}.Debug|x86.ActiveCfg = Debug|Any CPU
		{73AF6D4F-DD99-446A-8350-8B25C095751E}.Debug|x86.Build.0 = Debug|Any CPU
		{73AF6D4F-DD99-446A-8350-8B25C095751E}.Release|Any CPU.ActiveCfg = Release|Any CPU
		{73AF6D4F-DD99-446A-8350-8B25C095751E}.Release|Any CPU.Build.0 = Release|Any CPU
		{73AF6D4F-DD99-446A-8350-8B25C095751E}.Release|x64.ActiveCfg = Release|Any CPU
		{73AF6D4F-DD99-446A-8350-8B25C095751E}.Release|x64.Build.0 = Release|Any CPU
		{73AF6D4F-DD99-446A-8350-8B25C095751E}.Release|x86.ActiveCfg = Release|Any CPU
		{73AF6D4F-DD99-446A-8350-8B25C095751E}.Release|x86.Build.0 = Release|Any CPU
		{D7439707-FBC7-4C48-9706-5E1C75830CFC}.Debug|Any CPU.ActiveCfg = Debug|Any CPU
		{D7439707-FBC7-4C48-9706-5E1C75830CFC}.Debug|Any CPU.Build.0 = Debug|Any CPU
		{D7439707-FBC7-4C48-9706-5E1C75830CFC}.Debug|x64.ActiveCfg = Debug|Any CPU
		{D7439707-FBC7-4C48-9706-5E1C75830CFC}.Debug|x64.Build.0 = Debug|Any CPU
		{D7439707-FBC7-4C48-9706-5E1C75830CFC}.Debug|x86.ActiveCfg = Debug|Any CPU
		{D7439707-FBC7-4C48-9706-5E1C75830CFC}.Debug|x86.Build.0 = Debug|Any CPU
		{D7439707-FBC7-4C48-9706-5E1C75830CFC}.Release|Any CPU.ActiveCfg = Release|Any CPU
		{D7439707-FBC7-4C48-9706-5E1C75830CFC}.Release|Any CPU.Build.0 = Release|Any CPU
		{D7439707-FBC7-4C48-9706-5E1C75830CFC}.Release|x64.ActiveCfg = Release|Any CPU
		{D7439707-FBC7-4C48-9706-5E1C75830CFC}.Release|x64.Build.0 = Release|Any CPU
		{D7439707-FBC7-4C48-9706-5E1C75830CFC}.Release|x86.ActiveCfg = Release|Any CPU
		{D7439707-FBC7-4C48-9706-5E1C75830CFC}.Release|x86.Build.0 = Release|Any CPU
		{513B50C4-D9FE-4148-B6FA-C53C36ECB689}.Debug|Any CPU.ActiveCfg = Debug|Win32
		{513B50C4-D9FE-4148-B6FA-C53C36ECB689}.Debug|Any CPU.Build.0 = Debug|Win32
		{513B50C4-D9FE-4148-B6FA-C53C36ECB689}.Debug|x64.ActiveCfg = Debug|x64
		{513B50C4-D9FE-4148-B6FA-C53C36ECB689}.Debug|x64.Build.0 = Debug|x64
		{513B50C4-D9FE-4148-B6FA-C53C36ECB689}.Debug|x86.ActiveCfg = Debug|Win32
		{513B50C4-D9FE-4148-B6FA-C53C36ECB689}.Debug|x86.Build.0 = Debug|Win32
		{513B50C4-D9FE-4148-B6FA-C53C36ECB689}.Release|Any CPU.ActiveCfg = Release|Win32
		{513B50C4-D9FE-4148-B6FA-C53C36ECB689}.Release|x64.ActiveCfg = Release|x64
		{513B50C4-D9FE-4148-B6FA-C53C36ECB689}.Release|x64.Build.0 = Release|x64
		{513B50C4-D9FE-4148-B6FA-C53C36ECB689}.Release|x86.ActiveCfg = Release|Win32
		{513B50C4-D9FE-4148-B6FA-C53C36ECB689}.Release|x86.Build.0 = Release|Win32
		{F57422B2-2D55-46BD-9462-8493EF819216}.Debug|Any CPU.ActiveCfg = Debug|Any CPU
		{F57422B2-2D55-46BD-9462-8493EF819216}.Debug|Any CPU.Build.0 = Debug|Any CPU
		{F57422B2-2D55-46BD-9462-8493EF819216}.Debug|x64.ActiveCfg = Debug|Any CPU
		{F57422B2-2D55-46BD-9462-8493EF819216}.Debug|x64.Build.0 = Debug|Any CPU
		{F57422B2-2D55-46BD-9462-8493EF819216}.Debug|x86.ActiveCfg = Debug|Any CPU
		{F57422B2-2D55-46BD-9462-8493EF819216}.Debug|x86.Build.0 = Debug|Any CPU
		{F57422B2-2D55-46BD-9462-8493EF819216}.Release|Any CPU.ActiveCfg = Release|Any CPU
		{F57422B2-2D55-46BD-9462-8493EF819216}.Release|Any CPU.Build.0 = Release|Any CPU
		{F57422B2-2D55-46BD-9462-8493EF819216}.Release|x64.ActiveCfg = Release|Any CPU
		{F57422B2-2D55-46BD-9462-8493EF819216}.Release|x64.Build.0 = Release|Any CPU
		{F57422B2-2D55-46BD-9462-8493EF819216}.Release|x86.ActiveCfg = Release|Any CPU
		{F57422B2-2D55-46BD-9462-8493EF819216}.Release|x86.Build.0 = Release|Any CPU
		{F5A7384F-31B3-4B41-B2D6-DA6B57C4DEA2}.Debug|Any CPU.ActiveCfg = Debug|Win32
		{F5A7384F-31B3-4B41-B2D6-DA6B57C4DEA2}.Debug|Any CPU.Build.0 = Debug|Win32
		{F5A7384F-31B3-4B41-B2D6-DA6B57C4DEA2}.Debug|x64.ActiveCfg = Debug|x64
		{F5A7384F-31B3-4B41-B2D6-DA6B57C4DEA2}.Debug|x64.Build.0 = Debug|x64
		{F5A7384F-31B3-4B41-B2D6-DA6B57C4DEA2}.Debug|x86.ActiveCfg = Debug|Win32
		{F5A7384F-31B3-4B41-B2D6-DA6B57C4DEA2}.Debug|x86.Build.0 = Debug|Win32
		{F5A7384F-31B3-4B41-B2D6-DA6B57C4DEA2}.Release|Any CPU.ActiveCfg = Release|Win32
		{F5A7384F-31B3-4B41-B2D6-DA6B57C4DEA2}.Release|x64.ActiveCfg = Release|x64
		{F5A7384F-31B3-4B41-B2D6-DA6B57C4DEA2}.Release|x64.Build.0 = Release|x64
		{F5A7384F-31B3-4B41-B2D6-DA6B57C4DEA2}.Release|x86.ActiveCfg = Release|Win32
		{F5A7384F-31B3-4B41-B2D6-DA6B57C4DEA2}.Release|x86.Build.0 = Release|Win32
		{FCEF5D35-E00A-4397-9394-2A2D98F4FE1C}.Debug|Any CPU.ActiveCfg = Debug|Win32
		{FCEF5D35-E00A-4397-9394-2A2D98F4FE1C}.Debug|Any CPU.Build.0 = Debug|Win32
		{FCEF5D35-E00A-4397-9394-2A2D98F4FE1C}.Debug|x64.ActiveCfg = Debug|x64
		{FCEF5D35-E00A-4397-9394-2A2D98F4FE1C}.Debug|x64.Build.0 = Debug|x64
		{FCEF5D35-E00A-4397-9394-2A2D98F4FE1C}.Debug|x86.ActiveCfg = Debug|Win32
		{FCEF5D35-E00A-4397-9394-2A2D98F4FE1C}.Debug|x86.Build.0 = Debug|Win32
		{FCEF5D35-E00A-4397-9394-2A2D98F4FE1C}.Release|Any CPU.ActiveCfg = Release|Win32
		{FCEF5D35-E00A-4397-9394-2A2D98F4FE1C}.Release|x64.ActiveCfg = Release|x64
		{FCEF5D35-E00A-4397-9394-2A2D98F4FE1C}.Release|x64.Build.0 = Release|x64
		{FCEF5D35-E00A-4397-9394-2A2D98F4FE1C}.Release|x86.ActiveCfg = Release|Win32
		{FCEF5D35-E00A-4397-9394-2A2D98F4FE1C}.Release|x86.Build.0 = Release|Win32
		{906F7DEB-91BF-4A28-ACDB-D719CDE267F8}.Debug|Any CPU.ActiveCfg = Debug|Win32
		{906F7DEB-91BF-4A28-ACDB-D719CDE267F8}.Debug|x64.ActiveCfg = Debug|x64
		{906F7DEB-91BF-4A28-ACDB-D719CDE267F8}.Debug|x64.Build.0 = Debug|x64
		{906F7DEB-91BF-4A28-ACDB-D719CDE267F8}.Debug|x86.ActiveCfg = Debug|Win32
		{906F7DEB-91BF-4A28-ACDB-D719CDE267F8}.Debug|x86.Build.0 = Debug|Win32
		{906F7DEB-91BF-4A28-ACDB-D719CDE267F8}.Release|Any CPU.ActiveCfg = Release|Win32
		{906F7DEB-91BF-4A28-ACDB-D719CDE267F8}.Release|x64.ActiveCfg = Release|x64
		{906F7DEB-91BF-4A28-ACDB-D719CDE267F8}.Release|x64.Build.0 = Release|x64
		{906F7DEB-91BF-4A28-ACDB-D719CDE267F8}.Release|x86.ActiveCfg = Release|Win32
		{906F7DEB-91BF-4A28-ACDB-D719CDE267F8}.Release|x86.Build.0 = Release|Win32
		{42950F28-7C79-4ED4-A762-F03C0F71FC88}.Debug|Any CPU.ActiveCfg = Debug|Win32
		{42950F28-7C79-4ED4-A762-F03C0F71FC88}.Debug|x64.ActiveCfg = Debug|x64
		{42950F28-7C79-4ED4-A762-F03C0F71FC88}.Debug|x64.Build.0 = Debug|x64
		{42950F28-7C79-4ED4-A762-F03C0F71FC88}.Debug|x86.ActiveCfg = Debug|Win32
		{42950F28-7C79-4ED4-A762-F03C0F71FC88}.Debug|x86.Build.0 = Debug|Win32
		{42950F28-7C79-4ED4-A762-F03C0F71FC88}.Release|Any CPU.ActiveCfg = Release|Win32
		{42950F28-7C79-4ED4-A762-F03C0F71FC88}.Release|x64.ActiveCfg = Release|x64
		{42950F28-7C79-4ED4-A762-F03C0F71FC88}.Release|x64.Build.0 = Release|x64
		{42950F28-7C79-4ED4-A762-F03C0F71FC88}.Release|x86.ActiveCfg = Release|Win32
		{42950F28-7C79-4ED4-A762-F03C0F71FC88}.Release|x86.Build.0 = Release|Win32
	EndGlobalSection
	GlobalSection(SolutionProperties) = preSolution
		HideSolutionNode = FALSE
	EndGlobalSection
	GlobalSection(ExtensibilityGlobals) = postSolution
		SolutionGuid = {15773216-FABA-467C-BEDE-3E17860A06D6}
	EndGlobalSection
EndGlobal
