<?xml version="1.0" encoding="utf-8"?>
<Project ToolsVersion="4.0" xmlns="http://schemas.microsoft.com/developer/msbuild/2003">
  <ItemGroup>
    <Filter Include="ソース ファイル">
      <UniqueIdentifier>{4FC737F1-C7A5-4376-A066-2A32D752A2FF}</UniqueIdentifier>
      <Extensions>cpp;c;cc;cxx;def;odl;idl;hpj;bat;asm;asmx</Extensions>
    </Filter>
    <Filter Include="ヘッダー ファイル">
      <UniqueIdentifier>{93995380-89BD-4b04-88EB-625FBE52EBFB}</UniqueIdentifier>
      <Extensions>h;hh;hpp;hxx;hm;inl;inc;ipp;xsd</Extensions>
    </Filter>
    <Filter Include="リソース ファイル">
      <UniqueIdentifier>{67DA6AB6-F800-4c08-8B7A-83BB121AAD01}</UniqueIdentifier>
      <Extensions>rc;ico;cur;bmp;dlg;rc2;rct;bin;rgs;gif;jpg;jpeg;jpe;resx;tiff;tif;png;wav;mfcribbon-ms</Extensions>
    </Filter>
  </ItemGroup>
  <ItemGroup>
    <ClCompile Include="lib\formdata.c">
      <Filter>ソース ファイル</Filter>
    </ClCompile>
    <ClCompile Include="lib\security.c">
      <Filter>ソース ファイル</Filter>
    </ClCompile>
    <ClCompile Include="lib\mprintf.c">
      <Filter>ソース ファイル</Filter>
    </ClCompile>
    <ClCompile Include="lib\hostip6.c">
      <Filter>ソース ファイル</Filter>
    </ClCompile>
    <ClCompile Include="lib\idn_win32.c">
      <Filter>ソース ファイル</Filter>
    </ClCompile>
    <ClCompile Include="lib\rand.c">
      <Filter>ソース ファイル</Filter>
    </ClCompile>
    <ClCompile Include="lib\socks_gssapi.c">
      <Filter>ソース ファイル</Filter>
    </ClCompile>
    <ClCompile Include="lib\asyn-thread.c">
      <Filter>ソース ファイル</Filter>
    </ClCompile>
    <ClCompile Include="lib\curl_endian.c">
      <Filter>ソース ファイル</Filter>
    </ClCompile>
    <ClCompile Include="lib\file.c">
      <Filter>ソース ファイル</Filter>
    </ClCompile>
    <ClCompile Include="lib\smtp.c">
      <Filter>ソース ファイル</Filter>
    </ClCompile>
    <ClCompile Include="lib\curl_sspi.c">
      <Filter>ソース ファイル</Filter>
    </ClCompile>
    <ClCompile Include="lib\pipeline.c">
      <Filter>ソース ファイル</Filter>
    </ClCompile>
    <ClCompile Include="lib\curl_gethostname.c">
      <Filter>ソース ファイル</Filter>
    </ClCompile>
    <ClCompile Include="lib\ftplistparser.c">
      <Filter>ソース ファイル</Filter>
    </ClCompile>
    <ClCompile Include="lib\url.c">
      <Filter>ソース ファイル</Filter>
    </ClCompile>
    <ClCompile Include="lib\ldap.c">
      <Filter>ソース ファイル</Filter>
    </ClCompile>
    <ClCompile Include="lib\slist.c">
      <Filter>ソース ファイル</Filter>
    </ClCompile>
    <ClCompile Include="lib\strtoofft.c">
      <Filter>ソース ファイル</Filter>
    </ClCompile>
    <ClCompile Include="lib\transfer.c">
      <Filter>ソース ファイル</Filter>
    </ClCompile>
    <ClCompile Include="lib\asyn-ares.c">
      <Filter>ソース ファイル</Filter>
    </ClCompile>
    <ClCompile Include="lib\progress.c">
      <Filter>ソース ファイル</Filter>
    </ClCompile>
    <ClCompile Include="lib\sha256.c">
      <Filter>ソース ファイル</Filter>
    </ClCompile>
    <ClCompile Include="lib\curl_des.c">
      <Filter>ソース ファイル</Filter>
    </ClCompile>
    <ClCompile Include="lib\dotdot.c">
      <Filter>ソース ファイル</Filter>
    </ClCompile>
    <ClCompile Include="lib\mime.c">
      <Filter>ソース ファイル</Filter>
    </ClCompile>
    <ClCompile Include="lib\sendf.c">
      <Filter>ソース ファイル</Filter>
    </ClCompile>
    <ClCompile Include="lib\warnless.c">
      <Filter>ソース ファイル</Filter>
    </ClCompile>
    <ClCompile Include="lib\curl_memrchr.c">
      <Filter>ソース ファイル</Filter>
    </ClCompile>
    <ClCompile Include="lib\curl_sasl.c">
      <Filter>ソース ファイル</Filter>
    </ClCompile>
    <ClCompile Include="lib\nwos.c">
      <Filter>ソース ファイル</Filter>
    </ClCompile>
    <ClCompile Include="lib\strdup.c">
      <Filter>ソース ファイル</Filter>
    </ClCompile>
    <ClCompile Include="lib\version.c">
      <Filter>ソース ファイル</Filter>
    </ClCompile>
    <ClCompile Include="lib\curl_threads.c">
      <Filter>ソース ファイル</Filter>
    </ClCompile>
    <ClCompile Include="lib\hostsyn.c">
      <Filter>ソース ファイル</Filter>
    </ClCompile>
    <ClCompile Include="lib\http_digest.c">
      <Filter>ソース ファイル</Filter>
    </ClCompile>
    <ClCompile Include="lib\krb5.c">
      <Filter>ソース ファイル</Filter>
    </ClCompile>
    <ClCompile Include="lib\pingpong.c">
      <Filter>ソース ファイル</Filter>
    </ClCompile>
    <ClCompile Include="lib\curl_ntlm_wb.c">
      <Filter>ソース ファイル</Filter>
    </ClCompile>
    <ClCompile Include="lib\llist.c">
      <Filter>ソース ファイル</Filter>
    </ClCompile>
    <ClCompile Include="lib\amigaos.c">
      <Filter>ソース ファイル</Filter>
    </ClCompile>
    <ClCompile Include="lib\gopher.c">
      <Filter>ソース ファイル</Filter>
    </ClCompile>
    <ClCompile Include="lib\hash.c">
      <Filter>ソース ファイル</Filter>
    </ClCompile>
    <ClCompile Include="lib\http.c">
      <Filter>ソース ファイル</Filter>
    </ClCompile>
    <ClCompile Include="lib\md5.c">
      <Filter>ソース ファイル</Filter>
    </ClCompile>
    <ClCompile Include="lib\hmac.c">
      <Filter>ソース ファイル</Filter>
    </ClCompile>
    <ClCompile Include="lib\netrc.c">
      <Filter>ソース ファイル</Filter>
    </ClCompile>
    <ClCompile Include="lib\vtls\axtls.c">
      <Filter>ソース ファイル</Filter>
    </ClCompile>
    <ClCompile Include="lib\vtls\mbedtls.c">
      <Filter>ソース ファイル</Filter>
    </ClCompile>
    <ClCompile Include="lib\vtls\schannel.c">
      <Filter>ソース ファイル</Filter>
    </ClCompile>
    <ClCompile Include="lib\vtls\gskit.c">
      <Filter>ソース ファイル</Filter>
    </ClCompile>
    <ClCompile Include="lib\vtls\openssl.c">
      <Filter>ソース ファイル</Filter>
    </ClCompile>
    <ClCompile Include="lib\vtls\vtls.c">
      <Filter>ソース ファイル</Filter>
    </ClCompile>
    <ClCompile Include="lib\vtls\darwinssl.c">
      <Filter>ソース ファイル</Filter>
    </ClCompile>
    <ClCompile Include="lib\vtls\gtls.c">
      <Filter>ソース ファイル</Filter>
    </ClCompile>
    <ClCompile Include="lib\vtls\nss.c">
      <Filter>ソース ファイル</Filter>
    </ClCompile>
    <ClCompile Include="lib\vtls\cyassl.c">
      <Filter>ソース ファイル</Filter>
    </ClCompile>
    <ClCompile Include="lib\vtls\polarssl.c">
      <Filter>ソース ファイル</Filter>
    </ClCompile>
    <ClCompile Include="lib\vtls\polarssl_threadlock.c">
      <Filter>ソース ファイル</Filter>
    </ClCompile>
    <ClCompile Include="lib\getenv.c">
      <Filter>ソース ファイル</Filter>
    </ClCompile>
    <ClCompile Include="lib\hostip4.c">
      <Filter>ソース ファイル</Filter>
    </ClCompile>
    <ClCompile Include="lib\imap.c">
      <Filter>ソース ファイル</Filter>
    </ClCompile>
    <ClCompile Include="lib\rtsp.c">
      <Filter>ソース ファイル</Filter>
    </ClCompile>
    <ClCompile Include="lib\telnet.c">
      <Filter>ソース ファイル</Filter>
    </ClCompile>
    <ClCompile Include="lib\base64.c">
      <Filter>ソース ファイル</Filter>
    </ClCompile>
    <ClCompile Include="lib\conncache.c">
      <Filter>ソース ファイル</Filter>
    </ClCompile>
    <ClCompile Include="lib\content_encoding.c">
      <Filter>ソース ファイル</Filter>
    </ClCompile>
    <ClCompile Include="lib\smb.c">
      <Filter>ソース ファイル</Filter>
    </ClCompile>
    <ClCompile Include="lib\socks.c">
      <Filter>ソース ファイル</Filter>
    </ClCompile>
    <ClCompile Include="lib\curl_ntlm_core.c">
      <Filter>ソース ファイル</Filter>
    </ClCompile>
    <ClCompile Include="lib\curl_rtmp.c">
      <Filter>ソース ファイル</Filter>
    </ClCompile>
    <ClCompile Include="lib\hostasyn.c">
      <Filter>ソース ファイル</Filter>
    </ClCompile>
    <ClCompile Include="lib\http_negotiate.c">
      <Filter>ソース ファイル</Filter>
    </ClCompile>
    <ClCompile Include="lib\http_ntlm.c">
      <Filter>ソース ファイル</Filter>
    </ClCompile>
    <ClCompile Include="lib\hostip.c">
      <Filter>ソース ファイル</Filter>
    </ClCompile>
    <ClCompile Include="lib\timeval.c">
      <Filter>ソース ファイル</Filter>
    </ClCompile>
    <ClCompile Include="lib\http_proxy.c">
      <Filter>ソース ファイル</Filter>
    </ClCompile>
    <ClCompile Include="lib\md4.c">
      <Filter>ソース ファイル</Filter>
    </ClCompile>
    <ClCompile Include="lib\memdebug.c">
      <Filter>ソース ファイル</Filter>
    </ClCompile>
    <ClCompile Include="lib\splay.c">
      <Filter>ソース ファイル</Filter>
    </ClCompile>
    <ClCompile Include="lib\curl_gssapi.c">
      <Filter>ソース ファイル</Filter>
    </ClCompile>
    <ClCompile Include="lib\non-ascii.c">
      <Filter>ソース ファイル</Filter>
    </ClCompile>
    <ClCompile Include="lib\parsedate.c">
      <Filter>ソース ファイル</Filter>
    </ClCompile>
    <ClCompile Include="lib\select.c">
      <Filter>ソース ファイル</Filter>
    </ClCompile>
    <ClCompile Include="lib\setopt.c">
      <Filter>ソース ファイル</Filter>
    </ClCompile>
    <ClCompile Include="lib\socks_sspi.c">
      <Filter>ソース ファイル</Filter>
    </ClCompile>
    <ClCompile Include="lib\vauth\cleartext.c">
      <Filter>ソース ファイル</Filter>
    </ClCompile>
    <ClCompile Include="lib\vauth\ntlm.c">
      <Filter>ソース ファイル</Filter>
    </ClCompile>
    <ClCompile Include="lib\vauth\cram.c">
      <Filter>ソース ファイル</Filter>
    </ClCompile>
    <ClCompile Include="lib\vauth\oauth2.c">
      <Filter>ソース ファイル</Filter>
    </ClCompile>
    <ClCompile Include="lib\vauth\vauth.c">
      <Filter>ソース ファイル</Filter>
    </ClCompile>
    <ClCompile Include="lib\vauth\digest.c">
      <Filter>ソース ファイル</Filter>
    </ClCompile>
    <ClCompile Include="lib\http2.c">
      <Filter>ソース ファイル</Filter>
    </ClCompile>
    <ClCompile Include="lib\openldap.c">
      <Filter>ソース ファイル</Filter>
    </ClCompile>
    <ClCompile Include="lib\inet_ntop.c">
      <Filter>ソース ファイル</Filter>
    </ClCompile>
    <ClCompile Include="lib\speedcheck.c">
      <Filter>ソース ファイル</Filter>
    </ClCompile>
    <ClCompile Include="lib\connect.c">
      <Filter>ソース ファイル</Filter>
    </ClCompile>
    <ClCompile Include="lib\fileinfo.c">
      <Filter>ソース ファイル</Filter>
    </ClCompile>
    <ClCompile Include="lib\getinfo.c">
      <Filter>ソース ファイル</Filter>
    </ClCompile>
    <ClCompile Include="lib\ssh.c">
      <Filter>ソース ファイル</Filter>
    </ClCompile>
    <ClCompile Include="lib\strtok.c">
      <Filter>ソース ファイル</Filter>
    </ClCompile>
    <ClCompile Include="lib\x509asn1.c">
      <Filter>ソース ファイル</Filter>
    </ClCompile>
    <ClCompile Include="lib\cookie.c">
      <Filter>ソース ファイル</Filter>
    </ClCompile>
    <ClCompile Include="lib\curl_multibyte.c">
      <Filter>ソース ファイル</Filter>
    </ClCompile>
    <ClCompile Include="lib\nwlib.c">
      <Filter>ソース ファイル</Filter>
    </ClCompile>
    <ClCompile Include="lib\share.c">
      <Filter>ソース ファイル</Filter>
    </ClCompile>
    <ClCompile Include="lib\ftp.c">
      <Filter>ソース ファイル</Filter>
    </ClCompile>
    <ClCompile Include="lib\http_chunks.c">
      <Filter>ソース ファイル</Filter>
    </ClCompile>
    <ClCompile Include="lib\multi.c">
      <Filter>ソース ファイル</Filter>
    </ClCompile>
    <ClCompile Include="lib\wildcard.c">
      <Filter>ソース ファイル</Filter>
    </ClCompile>
    <ClCompile Include="lib\dict.c">
      <Filter>ソース ファイル</Filter>
    </ClCompile>
    <ClCompile Include="lib\pop3.c">
      <Filter>ソース ファイル</Filter>
    </ClCompile>
    <ClCompile Include="lib\strerror.c">
      <Filter>ソース ファイル</Filter>
    </ClCompile>
    <ClCompile Include="lib\curl_addrinfo.c">
      <Filter>ソース ファイル</Filter>
    </ClCompile>
    <ClCompile Include="lib\hostcheck.c">
      <Filter>ソース ファイル</Filter>
    </ClCompile>
    <ClCompile Include="lib\tftp.c">
      <Filter>ソース ファイル</Filter>
    </ClCompile>
    <ClCompile Include="lib\curl_fnmatch.c">
      <Filter>ソース ファイル</Filter>
    </ClCompile>
    <ClCompile Include="lib\easy.c">
      <Filter>ソース ファイル</Filter>
    </ClCompile>
    <ClCompile Include="lib\if2ip.c">
      <Filter>ソース ファイル</Filter>
    </ClCompile>
    <ClCompile Include="lib\nonblock.c">
      <Filter>ソース ファイル</Filter>
    </ClCompile>
    <ClCompile Include="lib\strcase.c">
      <Filter>ソース ファイル</Filter>
    </ClCompile>
    <ClCompile Include="lib\escape.c">
      <Filter>ソース ファイル</Filter>
    </ClCompile>
    <ClCompile Include="lib\inet_pton.c">
      <Filter>ソース ファイル</Filter>
    </ClCompile>
    <ClCompile Include="lib\system_win32.c">
      <Filter>ソース ファイル</Filter>
    </ClCompile>
  </ItemGroup>
  <ItemGroup>
    <ClInclude Include="lib\curl_config.h">
      <Filter>ヘッダー ファイル</Filter>
    </ClInclude>
    <ClInclude Include="lib\config-vxworks.h">
      <Filter>ヘッダー ファイル</Filter>
    </ClInclude>
    <ClInclude Include="lib\curl_endian.h">
      <Filter>ヘッダー ファイル</Filter>
    </ClInclude>
    <ClInclude Include="lib\rand.h">
      <Filter>ヘッダー ファイル</Filter>
    </ClInclude>
    <ClInclude Include="lib\smtp.h">
      <Filter>ヘッダー ファイル</Filter>
    </ClInclude>
    <ClInclude Include="lib\curl_base64.h">
      <Filter>ヘッダー ファイル</Filter>
    </ClInclude>
    <ClInclude Include="lib\curl_md4.h">
      <Filter>ヘッダー ファイル</Filter>
    </ClInclude>
    <ClInclude Include="lib\curl_sspi.h">
      <Filter>ヘッダー ファイル</Filter>
    </ClInclude>
    <ClInclude Include="lib\file.h">
      <Filter>ヘッダー ファイル</Filter>
    </ClInclude>
    <ClInclude Include="lib\pipeline.h">
      <Filter>ヘッダー ファイル</Filter>
    </ClInclude>
    <ClInclude Include="lib\curl_gethostname.h">
      <Filter>ヘッダー ファイル</Filter>
    </ClInclude>
    <ClInclude Include="lib\ftplistparser.h">
      <Filter>ヘッダー ファイル</Filter>
    </ClInclude>
    <ClInclude Include="lib\slist.h">
      <Filter>ヘッダー ファイル</Filter>
    </ClInclude>
    <ClInclude Include="lib\url.h">
      <Filter>ヘッダー ファイル</Filter>
    </ClInclude>
    <ClInclude Include="lib\arpa_telnet.h">
      <Filter>ヘッダー ファイル</Filter>
    </ClInclude>
    <ClInclude Include="lib\config-riscos.h">
      <Filter>ヘッダー ファイル</Filter>
    </ClInclude>
    <ClInclude Include="lib\config-tpf_fork.h">
      <Filter>ヘッダー ファイル</Filter>
    </ClInclude>
    <ClInclude Include="lib\strtoofft.h">
      <Filter>ヘッダー ファイル</Filter>
    </ClInclude>
    <ClInclude Include="lib\system_win32.h">
      <Filter>ヘッダー ファイル</Filter>
    </ClInclude>
    <ClInclude Include="lib\transfer.h">
      <Filter>ヘッダー ファイル</Filter>
    </ClInclude>
    <ClInclude Include="lib\curl_des.h">
      <Filter>ヘッダー ファイル</Filter>
    </ClInclude>
    <ClInclude Include="lib\curl_hmac.h">
      <Filter>ヘッダー ファイル</Filter>
    </ClInclude>
    <ClInclude Include="lib\dotdot.h">
      <Filter>ヘッダー ファイル</Filter>
    </ClInclude>
    <ClInclude Include="lib\progress.h">
      <Filter>ヘッダー ファイル</Filter>
    </ClInclude>
    <ClInclude Include="lib\sendf.h">
      <Filter>ヘッダー ファイル</Filter>
    </ClInclude>
    <ClInclude Include="lib\warnless.h">
      <Filter>ヘッダー ファイル</Filter>
    </ClInclude>
    <ClInclude Include="lib\curl_sasl.h">
      <Filter>ヘッダー ファイル</Filter>
    </ClInclude>
    <ClInclude Include="lib\mime.h">
      <Filter>ヘッダー ファイル</Filter>
    </ClInclude>
    <ClInclude Include="lib\urldata.h">
      <Filter>ヘッダー ファイル</Filter>
    </ClInclude>
    <ClInclude Include="lib\curl_memrchr.h">
      <Filter>ヘッダー ファイル</Filter>
    </ClInclude>
    <ClInclude Include="lib\curl_threads.h">
      <Filter>ヘッダー ファイル</Filter>
    </ClInclude>
    <ClInclude Include="lib\http_digest.h">
      <Filter>ヘッダー ファイル</Filter>
    </ClInclude>
    <ClInclude Include="lib\pingpong.h">
      <Filter>ヘッダー ファイル</Filter>
    </ClInclude>
    <ClInclude Include="lib\strdup.h">
      <Filter>ヘッダー ファイル</Filter>
    </ClInclude>
    <ClInclude Include="lib\config-mac.h">
      <Filter>ヘッダー ファイル</Filter>
    </ClInclude>
    <ClInclude Include="lib\config-tpf.h">
      <Filter>ヘッダー ファイル</Filter>
    </ClInclude>
    <ClInclude Include="lib\formdata.h">
      <Filter>ヘッダー ファイル</Filter>
    </ClInclude>
    <ClInclude Include="lib\setup-os400.h">
      <Filter>ヘッダー ファイル</Filter>
    </ClInclude>
    <ClInclude Include="lib\curl_ntlm_wb.h">
      <Filter>ヘッダー ファイル</Filter>
    </ClInclude>
    <ClInclude Include="lib\curl_setup.h">
      <Filter>ヘッダー ファイル</Filter>
    </ClInclude>
    <ClInclude Include="lib\gopher.h">
      <Filter>ヘッダー ファイル</Filter>
    </ClInclude>
    <ClInclude Include="lib\hash.h">
      <Filter>ヘッダー ファイル</Filter>
    </ClInclude>
    <ClInclude Include="lib\llist.h">
      <Filter>ヘッダー ファイル</Filter>
    </ClInclude>
    <ClInclude Include="lib\amigaos.h">
      <Filter>ヘッダー ファイル</Filter>
    </ClInclude>
    <ClInclude Include="lib\http.h">
      <Filter>ヘッダー ファイル</Filter>
    </ClInclude>
    <ClInclude Include="lib\netrc.h">
      <Filter>ヘッダー ファイル</Filter>
    </ClInclude>
    <ClInclude Include="lib\multiif.h">
      <Filter>ヘッダー ファイル</Filter>
    </ClInclude>
    <ClInclude Include="lib\setup-vms.h">
      <Filter>ヘッダー ファイル</Filter>
    </ClInclude>
    <ClInclude Include="lib\vtls\vtls.h">
      <Filter>ヘッダー ファイル</Filter>
    </ClInclude>
    <ClInclude Include="lib\vtls\gskit.h">
      <Filter>ヘッダー ファイル</Filter>
    </ClInclude>
    <ClInclude Include="lib\vtls\gtls.h">
      <Filter>ヘッダー ファイル</Filter>
    </ClInclude>
    <ClInclude Include="lib\vtls\nssg.h">
      <Filter>ヘッダー ファイル</Filter>
    </ClInclude>
    <ClInclude Include="lib\vtls\openssl.h">
      <Filter>ヘッダー ファイル</Filter>
    </ClInclude>
    <ClInclude Include="lib\vtls\darwinssl.h">
      <Filter>ヘッダー ファイル</Filter>
    </ClInclude>
    <ClInclude Include="lib\vtls\polarssl.h">
      <Filter>ヘッダー ファイル</Filter>
    </ClInclude>
    <ClInclude Include="lib\vtls\polarssl_threadlock.h">
      <Filter>ヘッダー ファイル</Filter>
    </ClInclude>
    <ClInclude Include="lib\vtls\axtls.h">
      <Filter>ヘッダー ファイル</Filter>
    </ClInclude>
    <ClInclude Include="lib\vtls\cyassl.h">
      <Filter>ヘッダー ファイル</Filter>
    </ClInclude>
    <ClInclude Include="lib\vtls\mbedtls.h">
      <Filter>ヘッダー ファイル</Filter>
    </ClInclude>
    <ClInclude Include="lib\vtls\schannel.h">
      <Filter>ヘッダー ファイル</Filter>
    </ClInclude>
    <ClInclude Include="lib\telnet.h">
      <Filter>ヘッダー ファイル</Filter>
    </ClInclude>
    <ClInclude Include="lib\config-dos.h">
      <Filter>ヘッダー ファイル</Filter>
    </ClInclude>
    <ClInclude Include="lib\curl_printf.h">
      <Filter>ヘッダー ファイル</Filter>
    </ClInclude>
    <ClInclude Include="lib\imap.h">
      <Filter>ヘッダー ファイル</Filter>
    </ClInclude>
    <ClInclude Include="lib\rtsp.h">
      <Filter>ヘッダー ファイル</Filter>
    </ClInclude>
    <ClInclude Include="lib\sockaddr.h">
      <Filter>ヘッダー ファイル</Filter>
    </ClInclude>
    <ClInclude Include="lib\conncache.h">
      <Filter>ヘッダー ファイル</Filter>
    </ClInclude>
    <ClInclude Include="lib\smb.h">
      <Filter>ヘッダー ファイル</Filter>
    </ClInclude>
    <ClInclude Include="lib\socks.h">
      <Filter>ヘッダー ファイル</Filter>
    </ClInclude>
    <ClInclude Include="lib\content_encoding.h">
      <Filter>ヘッダー ファイル</Filter>
    </ClInclude>
    <ClInclude Include="lib\http_negotiate.h">
      <Filter>ヘッダー ファイル</Filter>
    </ClInclude>
    <ClInclude Include="lib\curl_ntlm_core.h">
      <Filter>ヘッダー ファイル</Filter>
    </ClInclude>
    <ClInclude Include="lib\curl_rtmp.h">
      <Filter>ヘッダー ファイル</Filter>
    </ClInclude>
    <ClInclude Include="lib\hostip.h">
      <Filter>ヘッダー ファイル</Filter>
    </ClInclude>
    <ClInclude Include="lib\http_ntlm.h">
      <Filter>ヘッダー ファイル</Filter>
    </ClInclude>
    <ClInclude Include="lib\curl_setup_once.h">
      <Filter>ヘッダー ファイル</Filter>
    </ClInclude>
    <ClInclude Include="lib\curlx.h">
      <Filter>ヘッダー ファイル</Filter>
    </ClInclude>
    <ClInclude Include="lib\splay.h">
      <Filter>ヘッダー ファイル</Filter>
    </ClInclude>
    <ClInclude Include="lib\timeval.h">
      <Filter>ヘッダー ファイル</Filter>
    </ClInclude>
    <ClInclude Include="lib\memdebug.h">
      <Filter>ヘッダー ファイル</Filter>
    </ClInclude>
    <ClInclude Include="lib\http_proxy.h">
      <Filter>ヘッダー ファイル</Filter>
    </ClInclude>
    <ClInclude Include="lib\non-ascii.h">
      <Filter>ヘッダー ファイル</Filter>
    </ClInclude>
    <ClInclude Include="lib\select.h">
      <Filter>ヘッダー ファイル</Filter>
    </ClInclude>
    <ClInclude Include="lib\setopt.h">
      <Filter>ヘッダー ファイル</Filter>
    </ClInclude>
    <ClInclude Include="lib\curl_gssapi.h">
      <Filter>ヘッダー ファイル</Filter>
    </ClInclude>
    <ClInclude Include="lib\parsedate.h">
      <Filter>ヘッダー ファイル</Filter>
    </ClInclude>
    <ClInclude Include="lib\http2.h">
      <Filter>ヘッダー ファイル</Filter>
    </ClInclude>
    <ClInclude Include="lib\vauth\vauth.h">
      <Filter>ヘッダー ファイル</Filter>
    </ClInclude>
    <ClInclude Include="lib\vauth\digest.h">
      <Filter>ヘッダー ファイル</Filter>
    </ClInclude>
    <ClInclude Include="lib\vauth\ntlm.h">
      <Filter>ヘッダー ファイル</Filter>
    </ClInclude>
    <ClInclude Include="lib\curl_sec.h">
      <Filter>ヘッダー ファイル</Filter>
    </ClInclude>
    <ClInclude Include="lib\curl_sha256.h">
      <Filter>ヘッダー ファイル</Filter>
    </ClInclude>
    <ClInclude Include="lib\fileinfo.h">
      <Filter>ヘッダー ファイル</Filter>
    </ClInclude>
    <ClInclude Include="lib\inet_ntop.h">
      <Filter>ヘッダー ファイル</Filter>
    </ClInclude>
    <ClInclude Include="lib\speedcheck.h">
      <Filter>ヘッダー ファイル</Filter>
    </ClInclude>
    <ClInclude Include="lib\ssh.h">
      <Filter>ヘッダー ファイル</Filter>
    </ClInclude>
    <ClInclude Include="lib\getinfo.h">
      <Filter>ヘッダー ファイル</Filter>
    </ClInclude>
    <ClInclude Include="lib\connect.h">
      <Filter>ヘッダー ファイル</Filter>
    </ClInclude>
    <ClInclude Include="lib\easyif.h">
      <Filter>ヘッダー ファイル</Filter>
    </ClInclude>
    <ClInclude Include="lib\strtok.h">
      <Filter>ヘッダー ファイル</Filter>
    </ClInclude>
    <ClInclude Include="lib\x509asn1.h">
      <Filter>ヘッダー ファイル</Filter>
    </ClInclude>
    <ClInclude Include="lib\config-os400.h">
      <Filter>ヘッダー ファイル</Filter>
    </ClInclude>
    <ClInclude Include="lib\cookie.h">
      <Filter>ヘッダー ファイル</Filter>
    </ClInclude>
    <ClInclude Include="lib\curl_md5.h">
      <Filter>ヘッダー ファイル</Filter>
    </ClInclude>
    <ClInclude Include="lib\curl_multibyte.h">
      <Filter>ヘッダー ファイル</Filter>
    </ClInclude>
    <ClInclude Include="lib\share.h">
      <Filter>ヘッダー ファイル</Filter>
    </ClInclude>
    <ClInclude Include="lib\sigpipe.h">
      <Filter>ヘッダー ファイル</Filter>
    </ClInclude>
    <ClInclude Include="lib\curl_memory.h">
      <Filter>ヘッダー ファイル</Filter>
    </ClInclude>
    <ClInclude Include="lib\http_chunks.h">
      <Filter>ヘッダー ファイル</Filter>
    </ClInclude>
    <ClInclude Include="lib\ftp.h">
      <Filter>ヘッダー ファイル</Filter>
    </ClInclude>
    <ClInclude Include="lib\wildcard.h">
      <Filter>ヘッダー ファイル</Filter>
    </ClInclude>
    <ClInclude Include="lib\dict.h">
      <Filter>ヘッダー ファイル</Filter>
    </ClInclude>
    <ClInclude Include="lib\pop3.h">
      <Filter>ヘッダー ファイル</Filter>
    </ClInclude>
    <ClInclude Include="lib\strerror.h">
      <Filter>ヘッダー ファイル</Filter>
    </ClInclude>
    <ClInclude Include="lib\asyn.h">
      <Filter>ヘッダー ファイル</Filter>
    </ClInclude>
    <ClInclude Include="lib\curl_addrinfo.h">
      <Filter>ヘッダー ファイル</Filter>
    </ClInclude>
    <ClInclude Include="lib\hostcheck.h">
      <Filter>ヘッダー ファイル</Filter>
    </ClInclude>
    <ClInclude Include="lib\tftp.h">
      <Filter>ヘッダー ファイル</Filter>
    </ClInclude>
    <ClInclude Include="lib\curl_fnmatch.h">
      <Filter>ヘッダー ファイル</Filter>
    </ClInclude>
    <ClInclude Include="lib\curl_ldap.h">
      <Filter>ヘッダー ファイル</Filter>
    </ClInclude>
    <ClInclude Include="lib\if2ip.h">
      <Filter>ヘッダー ファイル</Filter>
    </ClInclude>
    <ClInclude Include="lib\multihandle.h">
      <Filter>ヘッダー ファイル</Filter>
    </ClInclude>
    <ClInclude Include="lib\nonblock.h">
      <Filter>ヘッダー ファイル</Filter>
    </ClInclude>
    <ClInclude Include="lib\strcase.h">
      <Filter>ヘッダー ファイル</Filter>
    </ClInclude>
    <ClInclude Include="lib\escape.h">
      <Filter>ヘッダー ファイル</Filter>
    </ClInclude>
    <ClInclude Include="lib\inet_pton.h">
      <Filter>ヘッダー ファイル</Filter>
    </ClInclude>
    <ClInclude Include="include\curl\curl.h">
      <Filter>ヘッダー ファイル</Filter>
    </ClInclude>
    <ClInclude Include="include\curl\curlbuild.h">
      <Filter>ヘッダー ファイル</Filter>
    </ClInclude>
    <ClInclude Include="include\curl\curlrules.h">
      <Filter>ヘッダー ファイル</Filter>
    </ClInclude>
    <ClInclude Include="include\curl\curlver.h">
      <Filter>ヘッダー ファイル</Filter>
    </ClInclude>
    <ClInclude Include="include\curl\easy.h">
      <Filter>ヘッダー ファイル</Filter>
    </ClInclude>
    <ClInclude Include="include\curl\system.h">
      <Filter>ヘッダー ファイル</Filter>
    </ClInclude>
    <ClInclude Include="include\curl\mprintf.h">
      <Filter>ヘッダー ファイル</Filter>
    </ClInclude>
    <ClInclude Include="include\curl\multi.h">
      <Filter>ヘッダー ファイル</Filter>
    </ClInclude>
    <ClInclude Include="include\curl\typecheck-gcc.h">
      <Filter>ヘッダー ファイル</Filter>
    </ClInclude>
    <ClInclude Include="include\curl\stdcheaders.h">
      <Filter>ヘッダー ファイル</Filter>
    </ClInclude>
    <ClInclude Include="lib\config-win32.h">
      <Filter>ヘッダー ファイル</Filter>
    </ClInclude>
  </ItemGroup>
</Project>